// !$*UTF8*$!
{
	archiveVersion = 1;
	classes = {
	};
	objectVersion = 50;
	objects = {

/* Begin PBXBuildFile section */
		51BE7A3122DE925600C58CD1 /* PopFormTextView.swift in Sources */ = {isa = PBXBuildFile; fileRef = 51BE7A0622DE920800C58CD1 /* PopFormTextView.swift */; };
		51BE7A3222DE925600C58CD1 /* PopFormTextField.swift in Sources */ = {isa = PBXBuildFile; fileRef = 51BE7A0722DE920800C58CD1 /* PopFormTextField.swift */; };
		51BE7A3322DE925600C58CD1 /* PopFormViewController.swift in Sources */ = {isa = PBXBuildFile; fileRef = 51BE7A0822DE920800C58CD1 /* PopFormViewController.swift */; };
		51BE7A3422DE925600C58CD1 /* PopFormTheme.swift in Sources */ = {isa = PBXBuildFile; fileRef = 51BE7A0922DE920800C58CD1 /* PopFormTheme.swift */; };
		51BE7A3522DE925600C58CD1 /* PopFormPickerView.swift in Sources */ = {isa = PBXBuildFile; fileRef = 51BE7A0A22DE920800C58CD1 /* PopFormPickerView.swift */; };
		51BE7A3622DE925600C58CD1 /* PopFormPickerViewDataSource.swift in Sources */ = {isa = PBXBuildFile; fileRef = 51BE7A0B22DE920800C58CD1 /* PopFormPickerViewDataSource.swift */; };
		51BE7A3722DE925600C58CD1 /* PopFormFieldDataSource.swift in Sources */ = {isa = PBXBuildFile; fileRef = 51BE7A0C22DE920800C58CD1 /* PopFormFieldDataSource.swift */; };
		51BE7A3822DE925600C58CD1 /* PopFormTableViewCell.swift in Sources */ = {isa = PBXBuildFile; fileRef = 51BE7A0D22DE920800C58CD1 /* PopFormTableViewCell.swift */; };
		51BE7A3922DE925900C58CD1 /* PopFormDataSource.swift in Sources */ = {isa = PBXBuildFile; fileRef = 51BE7A2C22DE920800C58CD1 /* PopFormDataSource.swift */; };
		51BE7A3A22DE925900C58CD1 /* PopFormFieldTheme.swift in Sources */ = {isa = PBXBuildFile; fileRef = 51BE7A2D22DE920800C58CD1 /* PopFormFieldTheme.swift */; };
		51BE7A3B22DE925900C58CD1 /* Credentials.swift in Sources */ = {isa = PBXBuildFile; fileRef = 51BE7A2E22DE920800C58CD1 /* Credentials.swift */; };
		51BE7A3C22DE925900C58CD1 /* PopFormViewModel.swift in Sources */ = {isa = PBXBuildFile; fileRef = 51BE7A2F22DE920800C58CD1 /* PopFormViewModel.swift */; };
		51BE7A3D22DE925900C58CD1 /* PopFormDatePickerDataSource.swift in Sources */ = {isa = PBXBuildFile; fileRef = 51BE7A3022DE920800C58CD1 /* PopFormDatePickerDataSource.swift */; };
		51BE7A4322DE925D00C58CD1 /* MinDateRule.swift in Sources */ = {isa = PBXBuildFile; fileRef = 51BE7A1422DE920800C58CD1 /* MinDateRule.swift */; };
		51BE7A5B22DE928500C58CD1 /* AppDelegate.swift in Sources */ = {isa = PBXBuildFile; fileRef = 89C5B7DB20AA4CA500528950 /* AppDelegate.swift */; };
		51BE7A5C22DE928700C58CD1 /* ViewController.swift in Sources */ = {isa = PBXBuildFile; fileRef = 89C5B87620AA5F8F00528950 /* ViewController.swift */; };
		51BE7A5D22DE928A00C58CD1 /* LocalFormDataSource.swift in Sources */ = {isa = PBXBuildFile; fileRef = 89C5B86420AA530500528950 /* LocalFormDataSource.swift */; };
		51BE7A6622DEBC1800C58CD1 /* Swift_POP_FormUITests.swift in Sources */ = {isa = PBXBuildFile; fileRef = 51BE7A6522DEBC1800C58CD1 /* Swift_POP_FormUITests.swift */; };
		51BE7A7822DEBFF600C58CD1 /* FormDataSourceTest.swift in Sources */ = {isa = PBXBuildFile; fileRef = 51BE7A7722DEBFF600C58CD1 /* FormDataSourceTest.swift */; };
		51BE7A9A22DECF3B00C58CD1 /* MinLengthRule.swift in Sources */ = {isa = PBXBuildFile; fileRef = 51BE7A7F22DECF3700C58CD1 /* MinLengthRule.swift */; };
		51BE7A9B22DECF3B00C58CD1 /* CharacterSetRule.swift in Sources */ = {isa = PBXBuildFile; fileRef = 51BE7A8022DECF3700C58CD1 /* CharacterSetRule.swift */; };
		51BE7A9C22DECF3B00C58CD1 /* PasswordRule.swift in Sources */ = {isa = PBXBuildFile; fileRef = 51BE7A8122DECF3700C58CD1 /* PasswordRule.swift */; };
		51BE7A9D22DECF3B00C58CD1 /* AlphaRule.swift in Sources */ = {isa = PBXBuildFile; fileRef = 51BE7A8222DECF3700C58CD1 /* AlphaRule.swift */; };
		51BE7A9E22DECF3B00C58CD1 /* ValidationRule.swift in Sources */ = {isa = PBXBuildFile; fileRef = 51BE7A8322DECF3700C58CD1 /* ValidationRule.swift */; };
		51BE7A9F22DECF3B00C58CD1 /* DateConvertable.swift in Sources */ = {isa = PBXBuildFile; fileRef = 51BE7A8422DECF3700C58CD1 /* DateConvertable.swift */; };
		51BE7AA022DECF3B00C58CD1 /* FloatRule.swift in Sources */ = {isa = PBXBuildFile; fileRef = 51BE7A8522DECF3800C58CD1 /* FloatRule.swift */; };
		51BE7AA122DECF3B00C58CD1 /* RegexRule.swift in Sources */ = {isa = PBXBuildFile; fileRef = 51BE7A8622DECF3800C58CD1 /* RegexRule.swift */; };
		51BE7AA222DECF3B00C58CD1 /* RoutingNumberRule.swift in Sources */ = {isa = PBXBuildFile; fileRef = 51BE7A8722DECF3800C58CD1 /* RoutingNumberRule.swift */; };
		51BE7AA322DECF3B00C58CD1 /* ConfirmRule.swift in Sources */ = {isa = PBXBuildFile; fileRef = 51BE7A8822DECF3800C58CD1 /* ConfirmRule.swift */; };
		51BE7AA422DECF3B00C58CD1 /* IPV4Rule.swift in Sources */ = {isa = PBXBuildFile; fileRef = 51BE7A8922DECF3800C58CD1 /* IPV4Rule.swift */; };
		51BE7AA522DECF3B00C58CD1 /* ZipCodeRule.swift in Sources */ = {isa = PBXBuildFile; fileRef = 51BE7A8A22DECF3800C58CD1 /* ZipCodeRule.swift */; };
		51BE7AA622DECF3B00C58CD1 /* AlphaNumericRule.swift in Sources */ = {isa = PBXBuildFile; fileRef = 51BE7A8B22DECF3800C58CD1 /* AlphaNumericRule.swift */; };
		51BE7AA722DECF3B00C58CD1 /* FullNameRule.swift in Sources */ = {isa = PBXBuildFile; fileRef = 51BE7A8C22DECF3800C58CD1 /* FullNameRule.swift */; };
		51BE7AA822DECF3B00C58CD1 /* ValidatorDictionary.swift in Sources */ = {isa = PBXBuildFile; fileRef = 51BE7A8D22DECF3800C58CD1 /* ValidatorDictionary.swift */; };
		51BE7AA922DECF3B00C58CD1 /* HexColorRule.swift in Sources */ = {isa = PBXBuildFile; fileRef = 51BE7A8E22DECF3900C58CD1 /* HexColorRule.swift */; };
		51BE7AAA22DECF3B00C58CD1 /* ISBNRule.swift in Sources */ = {isa = PBXBuildFile; fileRef = 51BE7A8F22DECF3900C58CD1 /* ISBNRule.swift */; };
		51BE7AAB22DECF3B00C58CD1 /* SSNRule.swift in Sources */ = {isa = PBXBuildFile; fileRef = 51BE7A9022DECF3900C58CD1 /* SSNRule.swift */; };
		51BE7AAC22DECF3B00C58CD1 /* ExactLengthRule.swift in Sources */ = {isa = PBXBuildFile; fileRef = 51BE7A9122DECF3900C58CD1 /* ExactLengthRule.swift */; };
		51BE7AAD22DECF3B00C58CD1 /* RequiredRule.swift in Sources */ = {isa = PBXBuildFile; fileRef = 51BE7A9222DECF3900C58CD1 /* RequiredRule.swift */; };
		51BE7AAE22DECF3B00C58CD1 /* MaxLengthRule.swift in Sources */ = {isa = PBXBuildFile; fileRef = 51BE7A9322DECF3900C58CD1 /* MaxLengthRule.swift */; };
		51BE7AAF22DECF3B00C58CD1 /* ValidationDelegate.swift in Sources */ = {isa = PBXBuildFile; fileRef = 51BE7A9422DECF3A00C58CD1 /* ValidationDelegate.swift */; };
		51BE7AB022DECF3B00C58CD1 /* ValidationError.swift in Sources */ = {isa = PBXBuildFile; fileRef = 51BE7A9522DECF3A00C58CD1 /* ValidationError.swift */; };
		51BE7AB122DECF3B00C58CD1 /* Validator.swift in Sources */ = {isa = PBXBuildFile; fileRef = 51BE7A9622DECF3A00C58CD1 /* Validator.swift */; };
		51BE7AB222DECF3B00C58CD1 /* EmailRule.swift in Sources */ = {isa = PBXBuildFile; fileRef = 51BE7A9722DECF3A00C58CD1 /* EmailRule.swift */; };
		51BE7AB322DECF3B00C58CD1 /* Rule.swift in Sources */ = {isa = PBXBuildFile; fileRef = 51BE7A9822DECF3A00C58CD1 /* Rule.swift */; };
		51BE7AB422DECF3B00C58CD1 /* PhoneNumberRule.swift in Sources */ = {isa = PBXBuildFile; fileRef = 51BE7A9922DECF3B00C58CD1 /* PhoneNumberRule.swift */; };
		51BE7AB822DECF5300C58CD1 /* Validatable.swift in Sources */ = {isa = PBXBuildFile; fileRef = 51BE7AB722DECF5300C58CD1 /* Validatable.swift */; };
		89C5B7E320AA4CA900528950 /* Assets.xcassets in Resources */ = {isa = PBXBuildFile; fileRef = 89C5B7E220AA4CA900528950 /* Assets.xcassets */; };
		89C5B7E620AA4CA900528950 /* LaunchScreen.storyboard in Resources */ = {isa = PBXBuildFile; fileRef = 89C5B7E420AA4CA900528950 /* LaunchScreen.storyboard */; };
/* End PBXBuildFile section */

/* Begin PBXContainerItemProxy section */
		51BE7A6822DEBC1800C58CD1 /* PBXContainerItemProxy */ = {
			isa = PBXContainerItemProxy;
			containerPortal = 89C5B7D020AA4CA500528950 /* Project object */;
			proxyType = 1;
			remoteGlobalIDString = 89C5B7D720AA4CA500528950;
			remoteInfo = Swift_POP_Form;
		};
		51BE7A7A22DEBFF600C58CD1 /* PBXContainerItemProxy */ = {
			isa = PBXContainerItemProxy;
			containerPortal = 89C5B7D020AA4CA500528950 /* Project object */;
			proxyType = 1;
			remoteGlobalIDString = 89C5B7D720AA4CA500528950;
			remoteInfo = Swift_POP_Form;
		};
/* End PBXContainerItemProxy section */

/* Begin PBXFileReference section */
		51BE7A0622DE920800C58CD1 /* PopFormTextView.swift */ = {isa = PBXFileReference; lastKnownFileType = sourcecode.swift; path = PopFormTextView.swift; sourceTree = "<group>"; };
		51BE7A0722DE920800C58CD1 /* PopFormTextField.swift */ = {isa = PBXFileReference; lastKnownFileType = sourcecode.swift; path = PopFormTextField.swift; sourceTree = "<group>"; };
		51BE7A0822DE920800C58CD1 /* PopFormViewController.swift */ = {isa = PBXFileReference; lastKnownFileType = sourcecode.swift; path = PopFormViewController.swift; sourceTree = "<group>"; };
		51BE7A0922DE920800C58CD1 /* PopFormTheme.swift */ = {isa = PBXFileReference; lastKnownFileType = sourcecode.swift; path = PopFormTheme.swift; sourceTree = "<group>"; };
		51BE7A0A22DE920800C58CD1 /* PopFormPickerView.swift */ = {isa = PBXFileReference; lastKnownFileType = sourcecode.swift; path = PopFormPickerView.swift; sourceTree = "<group>"; };
		51BE7A0B22DE920800C58CD1 /* PopFormPickerViewDataSource.swift */ = {isa = PBXFileReference; lastKnownFileType = sourcecode.swift; path = PopFormPickerViewDataSource.swift; sourceTree = "<group>"; };
		51BE7A0C22DE920800C58CD1 /* PopFormFieldDataSource.swift */ = {isa = PBXFileReference; lastKnownFileType = sourcecode.swift; path = PopFormFieldDataSource.swift; sourceTree = "<group>"; };
		51BE7A0D22DE920800C58CD1 /* PopFormTableViewCell.swift */ = {isa = PBXFileReference; lastKnownFileType = sourcecode.swift; path = PopFormTableViewCell.swift; sourceTree = "<group>"; };
		51BE7A1422DE920800C58CD1 /* MinDateRule.swift */ = {isa = PBXFileReference; lastKnownFileType = sourcecode.swift; path = MinDateRule.swift; sourceTree = "<group>"; };
		51BE7A2C22DE920800C58CD1 /* PopFormDataSource.swift */ = {isa = PBXFileReference; lastKnownFileType = sourcecode.swift; path = PopFormDataSource.swift; sourceTree = "<group>"; };
		51BE7A2D22DE920800C58CD1 /* PopFormFieldTheme.swift */ = {isa = PBXFileReference; lastKnownFileType = sourcecode.swift; path = PopFormFieldTheme.swift; sourceTree = "<group>"; };
		51BE7A2E22DE920800C58CD1 /* Credentials.swift */ = {isa = PBXFileReference; lastKnownFileType = sourcecode.swift; path = Credentials.swift; sourceTree = "<group>"; };
		51BE7A2F22DE920800C58CD1 /* PopFormViewModel.swift */ = {isa = PBXFileReference; lastKnownFileType = sourcecode.swift; path = PopFormViewModel.swift; sourceTree = "<group>"; };
		51BE7A3022DE920800C58CD1 /* PopFormDatePickerDataSource.swift */ = {isa = PBXFileReference; lastKnownFileType = sourcecode.swift; path = PopFormDatePickerDataSource.swift; sourceTree = "<group>"; };
		51BE7A6322DEBC1800C58CD1 /* Swift_POP_FormUITests.xctest */ = {isa = PBXFileReference; explicitFileType = wrapper.cfbundle; includeInIndex = 0; path = Swift_POP_FormUITests.xctest; sourceTree = BUILT_PRODUCTS_DIR; };
		51BE7A6522DEBC1800C58CD1 /* Swift_POP_FormUITests.swift */ = {isa = PBXFileReference; lastKnownFileType = sourcecode.swift; path = Swift_POP_FormUITests.swift; sourceTree = "<group>"; };
		51BE7A6722DEBC1800C58CD1 /* Info.plist */ = {isa = PBXFileReference; lastKnownFileType = text.plist.xml; path = Info.plist; sourceTree = "<group>"; };
		51BE7A7522DEBFF600C58CD1 /* Swift_POP_FormTests.xctest */ = {isa = PBXFileReference; explicitFileType = wrapper.cfbundle; includeInIndex = 0; path = Swift_POP_FormTests.xctest; sourceTree = BUILT_PRODUCTS_DIR; };
		51BE7A7722DEBFF600C58CD1 /* FormDataSourceTest.swift */ = {isa = PBXFileReference; lastKnownFileType = sourcecode.swift; path = FormDataSourceTest.swift; sourceTree = "<group>"; };
		51BE7A7922DEBFF600C58CD1 /* Info.plist */ = {isa = PBXFileReference; lastKnownFileType = text.plist.xml; path = Info.plist; sourceTree = "<group>"; };
		51BE7A7F22DECF3700C58CD1 /* MinLengthRule.swift */ = {isa = PBXFileReference; fileEncoding = 4; lastKnownFileType = sourcecode.swift; name = MinLengthRule.swift; path = ../../../../../../.Trash/MinLengthRule.swift; sourceTree = "<group>"; };
		51BE7A8022DECF3700C58CD1 /* CharacterSetRule.swift */ = {isa = PBXFileReference; fileEncoding = 4; lastKnownFileType = sourcecode.swift; name = CharacterSetRule.swift; path = ../../../../../../.Trash/CharacterSetRule.swift; sourceTree = "<group>"; };
		51BE7A8122DECF3700C58CD1 /* PasswordRule.swift */ = {isa = PBXFileReference; fileEncoding = 4; lastKnownFileType = sourcecode.swift; name = PasswordRule.swift; path = ../../../../../../.Trash/PasswordRule.swift; sourceTree = "<group>"; };
		51BE7A8222DECF3700C58CD1 /* AlphaRule.swift */ = {isa = PBXFileReference; fileEncoding = 4; lastKnownFileType = sourcecode.swift; name = AlphaRule.swift; path = ../../../../../../.Trash/AlphaRule.swift; sourceTree = "<group>"; };
		51BE7A8322DECF3700C58CD1 /* ValidationRule.swift */ = {isa = PBXFileReference; fileEncoding = 4; lastKnownFileType = sourcecode.swift; name = ValidationRule.swift; path = ../../../../../../.Trash/ValidationRule.swift; sourceTree = "<group>"; };
		51BE7A8422DECF3700C58CD1 /* DateConvertable.swift */ = {isa = PBXFileReference; fileEncoding = 4; lastKnownFileType = sourcecode.swift; name = DateConvertable.swift; path = ../../../../../../.Trash/DateConvertable.swift; sourceTree = "<group>"; };
		51BE7A8522DECF3800C58CD1 /* FloatRule.swift */ = {isa = PBXFileReference; fileEncoding = 4; lastKnownFileType = sourcecode.swift; name = FloatRule.swift; path = ../../../../../../.Trash/FloatRule.swift; sourceTree = "<group>"; };
		51BE7A8622DECF3800C58CD1 /* RegexRule.swift */ = {isa = PBXFileReference; fileEncoding = 4; lastKnownFileType = sourcecode.swift; name = RegexRule.swift; path = ../../../../../../.Trash/RegexRule.swift; sourceTree = "<group>"; };
		51BE7A8722DECF3800C58CD1 /* RoutingNumberRule.swift */ = {isa = PBXFileReference; fileEncoding = 4; lastKnownFileType = sourcecode.swift; name = RoutingNumberRule.swift; path = ../../../../../../.Trash/RoutingNumberRule.swift; sourceTree = "<group>"; };
		51BE7A8822DECF3800C58CD1 /* ConfirmRule.swift */ = {isa = PBXFileReference; fileEncoding = 4; lastKnownFileType = sourcecode.swift; name = ConfirmRule.swift; path = ../../../../../../.Trash/ConfirmRule.swift; sourceTree = "<group>"; };
		51BE7A8922DECF3800C58CD1 /* IPV4Rule.swift */ = {isa = PBXFileReference; fileEncoding = 4; lastKnownFileType = sourcecode.swift; name = IPV4Rule.swift; path = ../../../../../../.Trash/IPV4Rule.swift; sourceTree = "<group>"; };
		51BE7A8A22DECF3800C58CD1 /* ZipCodeRule.swift */ = {isa = PBXFileReference; fileEncoding = 4; lastKnownFileType = sourcecode.swift; name = ZipCodeRule.swift; path = ../../../../../../.Trash/ZipCodeRule.swift; sourceTree = "<group>"; };
		51BE7A8B22DECF3800C58CD1 /* AlphaNumericRule.swift */ = {isa = PBXFileReference; fileEncoding = 4; lastKnownFileType = sourcecode.swift; name = AlphaNumericRule.swift; path = ../../../../../../.Trash/AlphaNumericRule.swift; sourceTree = "<group>"; };
		51BE7A8C22DECF3800C58CD1 /* FullNameRule.swift */ = {isa = PBXFileReference; fileEncoding = 4; lastKnownFileType = sourcecode.swift; name = FullNameRule.swift; path = ../../../../../../.Trash/FullNameRule.swift; sourceTree = "<group>"; };
		51BE7A8D22DECF3800C58CD1 /* ValidatorDictionary.swift */ = {isa = PBXFileReference; fileEncoding = 4; lastKnownFileType = sourcecode.swift; name = ValidatorDictionary.swift; path = ../../../../../../.Trash/ValidatorDictionary.swift; sourceTree = "<group>"; };
		51BE7A8E22DECF3900C58CD1 /* HexColorRule.swift */ = {isa = PBXFileReference; fileEncoding = 4; lastKnownFileType = sourcecode.swift; name = HexColorRule.swift; path = ../../../../../../.Trash/HexColorRule.swift; sourceTree = "<group>"; };
		51BE7A8F22DECF3900C58CD1 /* ISBNRule.swift */ = {isa = PBXFileReference; fileEncoding = 4; lastKnownFileType = sourcecode.swift; name = ISBNRule.swift; path = ../../../../../../.Trash/ISBNRule.swift; sourceTree = "<group>"; };
		51BE7A9022DECF3900C58CD1 /* SSNRule.swift */ = {isa = PBXFileReference; fileEncoding = 4; lastKnownFileType = sourcecode.swift; name = SSNRule.swift; path = ../../../../../../.Trash/SSNRule.swift; sourceTree = "<group>"; };
		51BE7A9122DECF3900C58CD1 /* ExactLengthRule.swift */ = {isa = PBXFileReference; fileEncoding = 4; lastKnownFileType = sourcecode.swift; name = ExactLengthRule.swift; path = ../../../../../../.Trash/ExactLengthRule.swift; sourceTree = "<group>"; };
		51BE7A9222DECF3900C58CD1 /* RequiredRule.swift */ = {isa = PBXFileReference; fileEncoding = 4; lastKnownFileType = sourcecode.swift; name = RequiredRule.swift; path = ../../../../../../.Trash/RequiredRule.swift; sourceTree = "<group>"; };
		51BE7A9322DECF3900C58CD1 /* MaxLengthRule.swift */ = {isa = PBXFileReference; fileEncoding = 4; lastKnownFileType = sourcecode.swift; name = MaxLengthRule.swift; path = ../../../../../../.Trash/MaxLengthRule.swift; sourceTree = "<group>"; };
		51BE7A9422DECF3A00C58CD1 /* ValidationDelegate.swift */ = {isa = PBXFileReference; fileEncoding = 4; lastKnownFileType = sourcecode.swift; name = ValidationDelegate.swift; path = ../../../../../../.Trash/ValidationDelegate.swift; sourceTree = "<group>"; };
		51BE7A9522DECF3A00C58CD1 /* ValidationError.swift */ = {isa = PBXFileReference; fileEncoding = 4; lastKnownFileType = sourcecode.swift; name = ValidationError.swift; path = ../../../../../../.Trash/ValidationError.swift; sourceTree = "<group>"; };
		51BE7A9622DECF3A00C58CD1 /* Validator.swift */ = {isa = PBXFileReference; fileEncoding = 4; lastKnownFileType = sourcecode.swift; name = Validator.swift; path = ../../../../../../.Trash/Validator.swift; sourceTree = "<group>"; };
		51BE7A9722DECF3A00C58CD1 /* EmailRule.swift */ = {isa = PBXFileReference; fileEncoding = 4; lastKnownFileType = sourcecode.swift; name = EmailRule.swift; path = ../../../../../../.Trash/EmailRule.swift; sourceTree = "<group>"; };
		51BE7A9822DECF3A00C58CD1 /* Rule.swift */ = {isa = PBXFileReference; fileEncoding = 4; lastKnownFileType = sourcecode.swift; name = Rule.swift; path = ../../../../../../.Trash/Rule.swift; sourceTree = "<group>"; };
		51BE7A9922DECF3B00C58CD1 /* PhoneNumberRule.swift */ = {isa = PBXFileReference; fileEncoding = 4; lastKnownFileType = sourcecode.swift; name = PhoneNumberRule.swift; path = ../../../../../../.Trash/PhoneNumberRule.swift; sourceTree = "<group>"; };
		51BE7AB722DECF5300C58CD1 /* Validatable.swift */ = {isa = PBXFileReference; lastKnownFileType = sourcecode.swift; path = Validatable.swift; sourceTree = "<group>"; };
		89C5B7D820AA4CA500528950 /* Swift_POP_Form.app */ = {isa = PBXFileReference; explicitFileType = wrapper.application; includeInIndex = 0; path = Swift_POP_Form.app; sourceTree = BUILT_PRODUCTS_DIR; };
		89C5B7DB20AA4CA500528950 /* AppDelegate.swift */ = {isa = PBXFileReference; lastKnownFileType = sourcecode.swift; path = AppDelegate.swift; sourceTree = "<group>"; };
		89C5B7E220AA4CA900528950 /* Assets.xcassets */ = {isa = PBXFileReference; lastKnownFileType = folder.assetcatalog; path = Assets.xcassets; sourceTree = "<group>"; };
		89C5B7E520AA4CA900528950 /* Base */ = {isa = PBXFileReference; lastKnownFileType = file.storyboard; name = Base; path = Base.lproj/LaunchScreen.storyboard; sourceTree = "<group>"; };
		89C5B7E720AA4CA900528950 /* Info.plist */ = {isa = PBXFileReference; lastKnownFileType = text.plist.xml; path = Info.plist; sourceTree = "<group>"; };
		89C5B86420AA530500528950 /* LocalFormDataSource.swift */ = {isa = PBXFileReference; lastKnownFileType = sourcecode.swift; path = LocalFormDataSource.swift; sourceTree = "<group>"; };
		89C5B87620AA5F8F00528950 /* ViewController.swift */ = {isa = PBXFileReference; lastKnownFileType = sourcecode.swift; path = ViewController.swift; sourceTree = "<group>"; };
/* End PBXFileReference section */

/* Begin PBXFrameworksBuildPhase section */
		51BE7A6022DEBC1800C58CD1 /* Frameworks */ = {
			isa = PBXFrameworksBuildPhase;
			buildActionMask = 2147483647;
			files = (
			);
			runOnlyForDeploymentPostprocessing = 0;
		};
		51BE7A7222DEBFF600C58CD1 /* Frameworks */ = {
			isa = PBXFrameworksBuildPhase;
			buildActionMask = 2147483647;
			files = (
			);
			runOnlyForDeploymentPostprocessing = 0;
		};
		89C5B7D520AA4CA500528950 /* Frameworks */ = {
			isa = PBXFrameworksBuildPhase;
			buildActionMask = 2147483647;
			files = (
			);
			runOnlyForDeploymentPostprocessing = 0;
		};
/* End PBXFrameworksBuildPhase section */

/* Begin PBXGroup section */
		51BE7A0522DE920800C58CD1 /* Source */ = {
			isa = PBXGroup;
			children = (
				51BE7A0722DE920800C58CD1 /* PopFormTextField.swift */,
				51BE7A0622DE920800C58CD1 /* PopFormTextView.swift */,
				51BE7A0D22DE920800C58CD1 /* PopFormTableViewCell.swift */,
				51BE7A0A22DE920800C58CD1 /* PopFormPickerView.swift */,
				51BE7A0822DE920800C58CD1 /* PopFormViewController.swift */,
				51BE7A0922DE920800C58CD1 /* PopFormTheme.swift */,
				51BE7A0B22DE920800C58CD1 /* PopFormPickerViewDataSource.swift */,
				51BE7A0C22DE920800C58CD1 /* PopFormFieldDataSource.swift */,
				51BE7A0E22DE920800C58CD1 /* CustomValidations */,
				51BE7A2C22DE920800C58CD1 /* PopFormDataSource.swift */,
				51BE7A2D22DE920800C58CD1 /* PopFormFieldTheme.swift */,
				51BE7A2E22DE920800C58CD1 /* Credentials.swift */,
				51BE7A2F22DE920800C58CD1 /* PopFormViewModel.swift */,
				51BE7A3022DE920800C58CD1 /* PopFormDatePickerDataSource.swift */,
			);
			name = Source;
			path = ../Source;
			sourceTree = "<group>";
		};
		51BE7A0E22DE920800C58CD1 /* CustomValidations */ = {
			isa = PBXGroup;
			children = (
				51BE7AB722DECF5300C58CD1 /* Validatable.swift */,
				51BE7A8B22DECF3800C58CD1 /* AlphaNumericRule.swift */,
				51BE7A8222DECF3700C58CD1 /* AlphaRule.swift */,
				51BE7A8022DECF3700C58CD1 /* CharacterSetRule.swift */,
				51BE7A8822DECF3800C58CD1 /* ConfirmRule.swift */,
				51BE7A8422DECF3700C58CD1 /* DateConvertable.swift */,
				51BE7A9722DECF3A00C58CD1 /* EmailRule.swift */,
				51BE7A9122DECF3900C58CD1 /* ExactLengthRule.swift */,
				51BE7A8522DECF3800C58CD1 /* FloatRule.swift */,
				51BE7A8C22DECF3800C58CD1 /* FullNameRule.swift */,
				51BE7A8E22DECF3900C58CD1 /* HexColorRule.swift */,
				51BE7A8922DECF3800C58CD1 /* IPV4Rule.swift */,
				51BE7A8F22DECF3900C58CD1 /* ISBNRule.swift */,
				51BE7A9322DECF3900C58CD1 /* MaxLengthRule.swift */,
				51BE7A7F22DECF3700C58CD1 /* MinLengthRule.swift */,
				51BE7A8122DECF3700C58CD1 /* PasswordRule.swift */,
				51BE7A9922DECF3B00C58CD1 /* PhoneNumberRule.swift */,
				51BE7A8622DECF3800C58CD1 /* RegexRule.swift */,
				51BE7A9222DECF3900C58CD1 /* RequiredRule.swift */,
				51BE7A8722DECF3800C58CD1 /* RoutingNumberRule.swift */,
				51BE7A9822DECF3A00C58CD1 /* Rule.swift */,
				51BE7A9022DECF3900C58CD1 /* SSNRule.swift */,
				51BE7A9422DECF3A00C58CD1 /* ValidationDelegate.swift */,
				51BE7A9522DECF3A00C58CD1 /* ValidationError.swift */,
				51BE7A8322DECF3700C58CD1 /* ValidationRule.swift */,
				51BE7A9622DECF3A00C58CD1 /* Validator.swift */,
				51BE7A8D22DECF3800C58CD1 /* ValidatorDictionary.swift */,
				51BE7A8A22DECF3800C58CD1 /* ZipCodeRule.swift */,
				51BE7A1422DE920800C58CD1 /* MinDateRule.swift */,
			);
			path = CustomValidations;
			sourceTree = "<group>";
		};
		51BE7A6422DEBC1800C58CD1 /* Swift_POP_FormUITests */ = {
			isa = PBXGroup;
			children = (
				51BE7A6522DEBC1800C58CD1 /* Swift_POP_FormUITests.swift */,
				51BE7A6722DEBC1800C58CD1 /* Info.plist */,
			);
			path = Swift_POP_FormUITests;
			sourceTree = "<group>";
		};
		51BE7A7622DEBFF600C58CD1 /* Swift_POP_FormTests */ = {
			isa = PBXGroup;
			children = (
				51BE7A7722DEBFF600C58CD1 /* FormDataSourceTest.swift */,
				51BE7A7922DEBFF600C58CD1 /* Info.plist */,
			);
			path = Swift_POP_FormTests;
			sourceTree = "<group>";
		};
		89C5B7CF20AA4CA500528950 = {
			isa = PBXGroup;
			children = (
				89C5B7DA20AA4CA500528950 /* Swift_POP_Form */,
				51BE7A0522DE920800C58CD1 /* Source */,
				51BE7A6422DEBC1800C58CD1 /* Swift_POP_FormUITests */,
				51BE7A7622DEBFF600C58CD1 /* Swift_POP_FormTests */,
				89C5B7D920AA4CA500528950 /* Products */,
				89C5B85620AA4F0700528950 /* Frameworks */,
			);
			sourceTree = "<group>";
		};
		89C5B7D920AA4CA500528950 /* Products */ = {
			isa = PBXGroup;
			children = (
				89C5B7D820AA4CA500528950 /* Swift_POP_Form.app */,
				51BE7A6322DEBC1800C58CD1 /* Swift_POP_FormUITests.xctest */,
				51BE7A7522DEBFF600C58CD1 /* Swift_POP_FormTests.xctest */,
			);
			name = Products;
			sourceTree = "<group>";
		};
		89C5B7DA20AA4CA500528950 /* Swift_POP_Form */ = {
			isa = PBXGroup;
			children = (
				89C5B7DB20AA4CA500528950 /* AppDelegate.swift */,
				89C5B86F20AA565600528950 /* Model */,
				89C5B85F20AA512E00528950 /* ViewController */,
				89C5B85B20AA4FC700528950 /* includes */,
			);
			path = Swift_POP_Form;
			sourceTree = "<group>";
		};
		89C5B85620AA4F0700528950 /* Frameworks */ = {
			isa = PBXGroup;
			children = (
			);
			name = Frameworks;
			sourceTree = "<group>";
		};
		89C5B85B20AA4FC700528950 /* includes */ = {
			isa = PBXGroup;
			children = (
				89C5B7E220AA4CA900528950 /* Assets.xcassets */,
				89C5B7E420AA4CA900528950 /* LaunchScreen.storyboard */,
				89C5B7E720AA4CA900528950 /* Info.plist */,
			);
			path = includes;
			sourceTree = "<group>";
		};
		89C5B85F20AA512E00528950 /* ViewController */ = {
			isa = PBXGroup;
			children = (
				89C5B87620AA5F8F00528950 /* ViewController.swift */,
			);
			path = ViewController;
			sourceTree = "<group>";
		};
		89C5B86F20AA565600528950 /* Model */ = {
			isa = PBXGroup;
			children = (
				89C5B86420AA530500528950 /* LocalFormDataSource.swift */,
			);
			path = Model;
			sourceTree = "<group>";
		};
/* End PBXGroup section */

/* Begin PBXNativeTarget section */
		51BE7A6222DEBC1800C58CD1 /* Swift_POP_FormUITests */ = {
			isa = PBXNativeTarget;
			buildConfigurationList = 51BE7A6A22DEBC1800C58CD1 /* Build configuration list for PBXNativeTarget "Swift_POP_FormUITests" */;
			buildPhases = (
				51BE7A5F22DEBC1800C58CD1 /* Sources */,
				51BE7A6022DEBC1800C58CD1 /* Frameworks */,
				51BE7A6122DEBC1800C58CD1 /* Resources */,
			);
			buildRules = (
			);
			dependencies = (
				51BE7A6922DEBC1800C58CD1 /* PBXTargetDependency */,
			);
			name = Swift_POP_FormUITests;
			productName = Swift_POP_FormUITests;
			productReference = 51BE7A6322DEBC1800C58CD1 /* Swift_POP_FormUITests.xctest */;
			productType = "com.apple.product-type.bundle.ui-testing";
		};
		51BE7A7422DEBFF600C58CD1 /* Swift_POP_FormTests */ = {
			isa = PBXNativeTarget;
			buildConfigurationList = 51BE7A7C22DEBFF600C58CD1 /* Build configuration list for PBXNativeTarget "Swift_POP_FormTests" */;
			buildPhases = (
				51BE7A7122DEBFF600C58CD1 /* Sources */,
				51BE7A7222DEBFF600C58CD1 /* Frameworks */,
				51BE7A7322DEBFF600C58CD1 /* Resources */,
			);
			buildRules = (
			);
			dependencies = (
				51BE7A7B22DEBFF600C58CD1 /* PBXTargetDependency */,
			);
			name = Swift_POP_FormTests;
			productName = Swift_POP_FormTests;
			productReference = 51BE7A7522DEBFF600C58CD1 /* Swift_POP_FormTests.xctest */;
			productType = "com.apple.product-type.bundle.unit-test";
		};
		89C5B7D720AA4CA500528950 /* Swift_POP_Form */ = {
			isa = PBXNativeTarget;
			buildConfigurationList = 89C5B7F520AA4CA900528950 /* Build configuration list for PBXNativeTarget "Swift_POP_Form" */;
			buildPhases = (
				89C5B7D420AA4CA500528950 /* Sources */,
				89C5B7D520AA4CA500528950 /* Frameworks */,
				89C5B7D620AA4CA500528950 /* Resources */,
			);
			buildRules = (
			);
			dependencies = (
			);
			name = Swift_POP_Form;
			productName = Swift_POP_Form;
			productReference = 89C5B7D820AA4CA500528950 /* Swift_POP_Form.app */;
			productType = "com.apple.product-type.application";
		};
/* End PBXNativeTarget section */

/* Begin PBXProject section */
		89C5B7D020AA4CA500528950 /* Project object */ = {
			isa = PBXProject;
			attributes = {
				LastSwiftUpdateCheck = 1020;
				LastUpgradeCheck = 0930;
				ORGANIZATIONNAME = "Aaron bikis";
				TargetAttributes = {
					51BE7A6222DEBC1800C58CD1 = {
						CreatedOnToolsVersion = 10.2.1;
						TestTargetID = 89C5B7D720AA4CA500528950;
					};
					51BE7A7422DEBFF600C58CD1 = {
						CreatedOnToolsVersion = 10.2.1;
						TestTargetID = 89C5B7D720AA4CA500528950;
					};
					89C5B7D720AA4CA500528950 = {
						CreatedOnToolsVersion = 9.3;
						LastSwiftMigration = 1020;
					};
				};
			};
			buildConfigurationList = 89C5B7D320AA4CA500528950 /* Build configuration list for PBXProject "Swift_POP_Form" */;
			compatibilityVersion = "Xcode 9.3";
			developmentRegion = en;
			hasScannedForEncodings = 0;
			knownRegions = (
				en,
				Base,
			);
			mainGroup = 89C5B7CF20AA4CA500528950;
			productRefGroup = 89C5B7D920AA4CA500528950 /* Products */;
			projectDirPath = "";
			projectRoot = "";
			targets = (
				89C5B7D720AA4CA500528950 /* Swift_POP_Form */,
				51BE7A6222DEBC1800C58CD1 /* Swift_POP_FormUITests */,
				51BE7A7422DEBFF600C58CD1 /* Swift_POP_FormTests */,
			);
		};
/* End PBXProject section */

/* Begin PBXResourcesBuildPhase section */
		51BE7A6122DEBC1800C58CD1 /* Resources */ = {
			isa = PBXResourcesBuildPhase;
			buildActionMask = 2147483647;
			files = (
			);
			runOnlyForDeploymentPostprocessing = 0;
		};
		51BE7A7322DEBFF600C58CD1 /* Resources */ = {
			isa = PBXResourcesBuildPhase;
			buildActionMask = 2147483647;
			files = (
			);
			runOnlyForDeploymentPostprocessing = 0;
		};
		89C5B7D620AA4CA500528950 /* Resources */ = {
			isa = PBXResourcesBuildPhase;
			buildActionMask = 2147483647;
			files = (
				89C5B7E620AA4CA900528950 /* LaunchScreen.storyboard in Resources */,
				89C5B7E320AA4CA900528950 /* Assets.xcassets in Resources */,
			);
			runOnlyForDeploymentPostprocessing = 0;
		};
/* End PBXResourcesBuildPhase section */

/* Begin PBXSourcesBuildPhase section */
		51BE7A5F22DEBC1800C58CD1 /* Sources */ = {
			isa = PBXSourcesBuildPhase;
			buildActionMask = 2147483647;
			files = (
				51BE7A6622DEBC1800C58CD1 /* Swift_POP_FormUITests.swift in Sources */,
			);
			runOnlyForDeploymentPostprocessing = 0;
		};
		51BE7A7122DEBFF600C58CD1 /* Sources */ = {
			isa = PBXSourcesBuildPhase;
			buildActionMask = 2147483647;
			files = (
				51BE7A7822DEBFF600C58CD1 /* FormDataSourceTest.swift in Sources */,
			);
			runOnlyForDeploymentPostprocessing = 0;
		};
		89C5B7D420AA4CA500528950 /* Sources */ = {
			isa = PBXSourcesBuildPhase;
			buildActionMask = 2147483647;
			files = (
				51BE7AB122DECF3B00C58CD1 /* Validator.swift in Sources */,
				51BE7A3322DE925600C58CD1 /* PopFormViewController.swift in Sources */,
				51BE7A3122DE925600C58CD1 /* PopFormTextView.swift in Sources */,
				51BE7A9D22DECF3B00C58CD1 /* AlphaRule.swift in Sources */,
				51BE7AB322DECF3B00C58CD1 /* Rule.swift in Sources */,
				51BE7AA522DECF3B00C58CD1 /* ZipCodeRule.swift in Sources */,
				51BE7AAE22DECF3B00C58CD1 /* MaxLengthRule.swift in Sources */,
				51BE7AB822DECF5300C58CD1 /* Validatable.swift in Sources */,
				51BE7A3522DE925600C58CD1 /* PopFormPickerView.swift in Sources */,
				51BE7A4322DE925D00C58CD1 /* MinDateRule.swift in Sources */,
				51BE7A3B22DE925900C58CD1 /* Credentials.swift in Sources */,
				51BE7A9B22DECF3B00C58CD1 /* CharacterSetRule.swift in Sources */,
				51BE7A3822DE925600C58CD1 /* PopFormTableViewCell.swift in Sources */,
				51BE7A3622DE925600C58CD1 /* PopFormPickerViewDataSource.swift in Sources */,
				51BE7AA622DECF3B00C58CD1 /* AlphaNumericRule.swift in Sources */,
				51BE7A3922DE925900C58CD1 /* PopFormDataSource.swift in Sources */,
				51BE7A3222DE925600C58CD1 /* PopFormTextField.swift in Sources */,
				51BE7AAF22DECF3B00C58CD1 /* ValidationDelegate.swift in Sources */,
				51BE7AAD22DECF3B00C58CD1 /* RequiredRule.swift in Sources */,
				51BE7A3C22DE925900C58CD1 /* PopFormViewModel.swift in Sources */,
				51BE7AA422DECF3B00C58CD1 /* IPV4Rule.swift in Sources */,
				51BE7AA322DECF3B00C58CD1 /* ConfirmRule.swift in Sources */,
				51BE7AAB22DECF3B00C58CD1 /* SSNRule.swift in Sources */,
				51BE7AA822DECF3B00C58CD1 /* ValidatorDictionary.swift in Sources */,
				51BE7AB022DECF3B00C58CD1 /* ValidationError.swift in Sources */,
				51BE7A9A22DECF3B00C58CD1 /* MinLengthRule.swift in Sources */,
				51BE7A9C22DECF3B00C58CD1 /* PasswordRule.swift in Sources */,
				51BE7AA722DECF3B00C58CD1 /* FullNameRule.swift in Sources */,
				51BE7AB222DECF3B00C58CD1 /* EmailRule.swift in Sources */,
				51BE7A5C22DE928700C58CD1 /* ViewController.swift in Sources */,
				51BE7AAA22DECF3B00C58CD1 /* ISBNRule.swift in Sources */,
				51BE7AAC22DECF3B00C58CD1 /* ExactLengthRule.swift in Sources */,
				51BE7A3722DE925600C58CD1 /* PopFormFieldDataSource.swift in Sources */,
				51BE7AA022DECF3B00C58CD1 /* FloatRule.swift in Sources */,
				51BE7A3A22DE925900C58CD1 /* PopFormFieldTheme.swift in Sources */,
				51BE7A5B22DE928500C58CD1 /* AppDelegate.swift in Sources */,
				51BE7AB422DECF3B00C58CD1 /* PhoneNumberRule.swift in Sources */,
				51BE7A3D22DE925900C58CD1 /* PopFormDatePickerDataSource.swift in Sources */,
				51BE7AA122DECF3B00C58CD1 /* RegexRule.swift in Sources */,
				51BE7A9F22DECF3B00C58CD1 /* DateConvertable.swift in Sources */,
				51BE7A3422DE925600C58CD1 /* PopFormTheme.swift in Sources */,
				51BE7AA222DECF3B00C58CD1 /* RoutingNumberRule.swift in Sources */,
				51BE7A9E22DECF3B00C58CD1 /* ValidationRule.swift in Sources */,
				51BE7AA922DECF3B00C58CD1 /* HexColorRule.swift in Sources */,
				51BE7A5D22DE928A00C58CD1 /* LocalFormDataSource.swift in Sources */,
			);
			runOnlyForDeploymentPostprocessing = 0;
		};
/* End PBXSourcesBuildPhase section */

/* Begin PBXTargetDependency section */
		51BE7A6922DEBC1800C58CD1 /* PBXTargetDependency */ = {
			isa = PBXTargetDependency;
			target = 89C5B7D720AA4CA500528950 /* Swift_POP_Form */;
			targetProxy = 51BE7A6822DEBC1800C58CD1 /* PBXContainerItemProxy */;
		};
		51BE7A7B22DEBFF600C58CD1 /* PBXTargetDependency */ = {
			isa = PBXTargetDependency;
			target = 89C5B7D720AA4CA500528950 /* Swift_POP_Form */;
			targetProxy = 51BE7A7A22DEBFF600C58CD1 /* PBXContainerItemProxy */;
		};
/* End PBXTargetDependency section */

/* Begin PBXVariantGroup section */
		89C5B7E420AA4CA900528950 /* LaunchScreen.storyboard */ = {
			isa = PBXVariantGroup;
			children = (
				89C5B7E520AA4CA900528950 /* Base */,
			);
			name = LaunchScreen.storyboard;
			sourceTree = "<group>";
		};
/* End PBXVariantGroup section */

/* Begin XCBuildConfiguration section */
		51BE7A6B22DEBC1800C58CD1 /* Debug */ = {
			isa = XCBuildConfiguration;
			buildSettings = {
				CODE_SIGN_STYLE = Automatic;
				DEVELOPMENT_TEAM = C4P8U7398K;
				INFOPLIST_FILE = Swift_POP_FormUITests/Info.plist;
				IPHONEOS_DEPLOYMENT_TARGET = 12.2;
				LD_RUNPATH_SEARCH_PATHS = (
					"$(inherited)",
					"@executable_path/Frameworks",
					"@loader_path/Frameworks",
				);
				MTL_ENABLE_DEBUG_INFO = INCLUDE_SOURCE;
				MTL_FAST_MATH = YES;
				PRODUCT_BUNDLE_IDENTIFIER = "com.aaronBikis.Swift-POP-FormUITests";
				PRODUCT_NAME = "$(TARGET_NAME)";
				SWIFT_VERSION = 5.0;
				TARGETED_DEVICE_FAMILY = "1,2";
				TEST_TARGET_NAME = Swift_POP_Form;
			};
			name = Debug;
		};
		51BE7A6C22DEBC1800C58CD1 /* Release */ = {
			isa = XCBuildConfiguration;
			buildSettings = {
				CODE_SIGN_STYLE = Automatic;
				DEVELOPMENT_TEAM = C4P8U7398K;
				INFOPLIST_FILE = Swift_POP_FormUITests/Info.plist;
				IPHONEOS_DEPLOYMENT_TARGET = 12.2;
				LD_RUNPATH_SEARCH_PATHS = (
					"$(inherited)",
					"@executable_path/Frameworks",
					"@loader_path/Frameworks",
				);
				MTL_FAST_MATH = YES;
				PRODUCT_BUNDLE_IDENTIFIER = "com.aaronBikis.Swift-POP-FormUITests";
				PRODUCT_NAME = "$(TARGET_NAME)";
				SWIFT_VERSION = 5.0;
				TARGETED_DEVICE_FAMILY = "1,2";
				TEST_TARGET_NAME = Swift_POP_Form;
			};
			name = Release;
		};
		51BE7A7D22DEBFF600C58CD1 /* Debug */ = {
			isa = XCBuildConfiguration;
			buildSettings = {
				BUNDLE_LOADER = "$(TEST_HOST)";
				CODE_SIGN_STYLE = Automatic;
				DEVELOPMENT_TEAM = C4P8U7398K;
				INFOPLIST_FILE = Swift_POP_FormTests/Info.plist;
				IPHONEOS_DEPLOYMENT_TARGET = 12.2;
				LD_RUNPATH_SEARCH_PATHS = (
					"$(inherited)",
					"@executable_path/Frameworks",
					"@loader_path/Frameworks",
				);
				MTL_ENABLE_DEBUG_INFO = INCLUDE_SOURCE;
				MTL_FAST_MATH = YES;
				PRODUCT_BUNDLE_IDENTIFIER = "com.aaronBikis.Swift-POP-FormTests";
				PRODUCT_NAME = "$(TARGET_NAME)";
				SWIFT_VERSION = 5.0;
				TARGETED_DEVICE_FAMILY = "1,2";
				TEST_HOST = "$(BUILT_PRODUCTS_DIR)/Swift_POP_Form.app/Swift_POP_Form";
			};
			name = Debug;
		};
		51BE7A7E22DEBFF600C58CD1 /* Release */ = {
			isa = XCBuildConfiguration;
			buildSettings = {
				BUNDLE_LOADER = "$(TEST_HOST)";
				CODE_SIGN_STYLE = Automatic;
				DEVELOPMENT_TEAM = C4P8U7398K;
				INFOPLIST_FILE = Swift_POP_FormTests/Info.plist;
				IPHONEOS_DEPLOYMENT_TARGET = 12.2;
				LD_RUNPATH_SEARCH_PATHS = (
					"$(inherited)",
					"@executable_path/Frameworks",
					"@loader_path/Frameworks",
				);
				MTL_FAST_MATH = YES;
				PRODUCT_BUNDLE_IDENTIFIER = "com.aaronBikis.Swift-POP-FormTests";
				PRODUCT_NAME = "$(TARGET_NAME)";
				SWIFT_VERSION = 5.0;
				TARGETED_DEVICE_FAMILY = "1,2";
				TEST_HOST = "$(BUILT_PRODUCTS_DIR)/Swift_POP_Form.app/Swift_POP_Form";
			};
			name = Release;
		};
		89C5B7F320AA4CA900528950 /* Debug */ = {
			isa = XCBuildConfiguration;
			buildSettings = {
				ALWAYS_SEARCH_USER_PATHS = NO;
				CLANG_ANALYZER_NONNULL = YES;
				CLANG_ANALYZER_NUMBER_OBJECT_CONVERSION = YES_AGGRESSIVE;
				CLANG_CXX_LANGUAGE_STANDARD = "gnu++14";
				CLANG_CXX_LIBRARY = "libc++";
				CLANG_ENABLE_MODULES = YES;
				CLANG_ENABLE_OBJC_ARC = YES;
				CLANG_ENABLE_OBJC_WEAK = YES;
				CLANG_WARN_BLOCK_CAPTURE_AUTORELEASING = YES;
				CLANG_WARN_BOOL_CONVERSION = YES;
				CLANG_WARN_COMMA = YES;
				CLANG_WARN_CONSTANT_CONVERSION = YES;
				CLANG_WARN_DEPRECATED_OBJC_IMPLEMENTATIONS = YES;
				CLANG_WARN_DIRECT_OBJC_ISA_USAGE = YES_ERROR;
				CLANG_WARN_DOCUMENTATION_COMMENTS = YES;
				CLANG_WARN_EMPTY_BODY = YES;
				CLANG_WARN_ENUM_CONVERSION = YES;
				CLANG_WARN_INFINITE_RECURSION = YES;
				CLANG_WARN_INT_CONVERSION = YES;
				CLANG_WARN_NON_LITERAL_NULL_CONVERSION = YES;
				CLANG_WARN_OBJC_IMPLICIT_RETAIN_SELF = YES;
				CLANG_WARN_OBJC_LITERAL_CONVERSION = YES;
				CLANG_WARN_OBJC_ROOT_CLASS = YES_ERROR;
				CLANG_WARN_RANGE_LOOP_ANALYSIS = YES;
				CLANG_WARN_STRICT_PROTOTYPES = YES;
				CLANG_WARN_SUSPICIOUS_MOVE = YES;
				CLANG_WARN_UNGUARDED_AVAILABILITY = YES_AGGRESSIVE;
				CLANG_WARN_UNREACHABLE_CODE = YES;
				CLANG_WARN__DUPLICATE_METHOD_MATCH = YES;
				CODE_SIGN_IDENTITY = "iPhone Developer";
				COPY_PHASE_STRIP = NO;
				DEBUG_INFORMATION_FORMAT = dwarf;
				ENABLE_STRICT_OBJC_MSGSEND = YES;
				ENABLE_TESTABILITY = YES;
				GCC_C_LANGUAGE_STANDARD = gnu11;
				GCC_DYNAMIC_NO_PIC = NO;
				GCC_NO_COMMON_BLOCKS = YES;
				GCC_OPTIMIZATION_LEVEL = 0;
				GCC_PREPROCESSOR_DEFINITIONS = (
					"DEBUG=1",
					"$(inherited)",
				);
				GCC_WARN_64_TO_32_BIT_CONVERSION = YES;
				GCC_WARN_ABOUT_RETURN_TYPE = YES_ERROR;
				GCC_WARN_UNDECLARED_SELECTOR = YES;
				GCC_WARN_UNINITIALIZED_AUTOS = YES_AGGRESSIVE;
				GCC_WARN_UNUSED_FUNCTION = YES;
				GCC_WARN_UNUSED_VARIABLE = YES;
				IPHONEOS_DEPLOYMENT_TARGET = 11.3;
				MTL_ENABLE_DEBUG_INFO = YES;
				ONLY_ACTIVE_ARCH = YES;
				SDKROOT = iphoneos;
				SWIFT_ACTIVE_COMPILATION_CONDITIONS = DEBUG;
				SWIFT_OPTIMIZATION_LEVEL = "-Onone";
			};
			name = Debug;
		};
		89C5B7F420AA4CA900528950 /* Release */ = {
			isa = XCBuildConfiguration;
			buildSettings = {
				ALWAYS_SEARCH_USER_PATHS = NO;
				CLANG_ANALYZER_NONNULL = YES;
				CLANG_ANALYZER_NUMBER_OBJECT_CONVERSION = YES_AGGRESSIVE;
				CLANG_CXX_LANGUAGE_STANDARD = "gnu++14";
				CLANG_CXX_LIBRARY = "libc++";
				CLANG_ENABLE_MODULES = YES;
				CLANG_ENABLE_OBJC_ARC = YES;
				CLANG_ENABLE_OBJC_WEAK = YES;
				CLANG_WARN_BLOCK_CAPTURE_AUTORELEASING = YES;
				CLANG_WARN_BOOL_CONVERSION = YES;
				CLANG_WARN_COMMA = YES;
				CLANG_WARN_CONSTANT_CONVERSION = YES;
				CLANG_WARN_DEPRECATED_OBJC_IMPLEMENTATIONS = YES;
				CLANG_WARN_DIRECT_OBJC_ISA_USAGE = YES_ERROR;
				CLANG_WARN_DOCUMENTATION_COMMENTS = YES;
				CLANG_WARN_EMPTY_BODY = YES;
				CLANG_WARN_ENUM_CONVERSION = YES;
				CLANG_WARN_INFINITE_RECURSION = YES;
				CLANG_WARN_INT_CONVERSION = YES;
				CLANG_WARN_NON_LITERAL_NULL_CONVERSION = YES;
				CLANG_WARN_OBJC_IMPLICIT_RETAIN_SELF = YES;
				CLANG_WARN_OBJC_LITERAL_CONVERSION = YES;
				CLANG_WARN_OBJC_ROOT_CLASS = YES_ERROR;
				CLANG_WARN_RANGE_LOOP_ANALYSIS = YES;
				CLANG_WARN_STRICT_PROTOTYPES = YES;
				CLANG_WARN_SUSPICIOUS_MOVE = YES;
				CLANG_WARN_UNGUARDED_AVAILABILITY = YES_AGGRESSIVE;
				CLANG_WARN_UNREACHABLE_CODE = YES;
				CLANG_WARN__DUPLICATE_METHOD_MATCH = YES;
				CODE_SIGN_IDENTITY = "iPhone Developer";
				COPY_PHASE_STRIP = NO;
				DEBUG_INFORMATION_FORMAT = "dwarf-with-dsym";
				ENABLE_NS_ASSERTIONS = NO;
				ENABLE_STRICT_OBJC_MSGSEND = YES;
				GCC_C_LANGUAGE_STANDARD = gnu11;
				GCC_NO_COMMON_BLOCKS = YES;
				GCC_WARN_64_TO_32_BIT_CONVERSION = YES;
				GCC_WARN_ABOUT_RETURN_TYPE = YES_ERROR;
				GCC_WARN_UNDECLARED_SELECTOR = YES;
				GCC_WARN_UNINITIALIZED_AUTOS = YES_AGGRESSIVE;
				GCC_WARN_UNUSED_FUNCTION = YES;
				GCC_WARN_UNUSED_VARIABLE = YES;
				IPHONEOS_DEPLOYMENT_TARGET = 11.3;
				MTL_ENABLE_DEBUG_INFO = NO;
				SDKROOT = iphoneos;
				SWIFT_COMPILATION_MODE = wholemodule;
				SWIFT_OPTIMIZATION_LEVEL = "-O";
				VALIDATE_PRODUCT = YES;
			};
			name = Release;
		};
		89C5B7F620AA4CA900528950 /* Debug */ = {
			isa = XCBuildConfiguration;
			buildSettings = {
				ASSETCATALOG_COMPILER_APPICON_NAME = AppIcon;
				CODE_SIGN_STYLE = Automatic;
				DEVELOPMENT_TEAM = C4P8U7398K;
				FRAMEWORK_SEARCH_PATHS = (
					"$(inherited)",
					"$(PROJECT_DIR)/Carthage/Build/iOS",
				);
				INFOPLIST_FILE = "$(SRCROOT)/Swift_POP_Form/includes/Info.plist";
				LD_RUNPATH_SEARCH_PATHS = (
					"$(inherited)",
					"@executable_path/Frameworks",
				);
				PRODUCT_BUNDLE_IDENTIFIER = "rose.and.pine.creative.Swift-POP-Form";
				PRODUCT_NAME = "$(TARGET_NAME)";
				SWIFT_VERSION = 5.0;
				TARGETED_DEVICE_FAMILY = "1,2";
			};
			name = Debug;
		};
		89C5B7F720AA4CA900528950 /* Release */ = {
			isa = XCBuildConfiguration;
			buildSettings = {
				ASSETCATALOG_COMPILER_APPICON_NAME = AppIcon;
				CODE_SIGN_STYLE = Automatic;
				DEVELOPMENT_TEAM = C4P8U7398K;
				FRAMEWORK_SEARCH_PATHS = (
					"$(inherited)",
					"$(PROJECT_DIR)/Carthage/Build/iOS",
				);
				INFOPLIST_FILE = "$(SRCROOT)/Swift_POP_Form/includes/Info.plist";
				LD_RUNPATH_SEARCH_PATHS = (
					"$(inherited)",
					"@executable_path/Frameworks",
				);
				PRODUCT_BUNDLE_IDENTIFIER = "rose.and.pine.creative.Swift-POP-Form";
				PRODUCT_NAME = "$(TARGET_NAME)";
				SWIFT_VERSION = 5.0;
				TARGETED_DEVICE_FAMILY = "1,2";
			};
			name = Release;
		};
/* End XCBuildConfiguration section */

/* Begin XCConfigurationList section */
		51BE7A6A22DEBC1800C58CD1 /* Build configuration list for PBXNativeTarget "Swift_POP_FormUITests" */ = {
			isa = XCConfigurationList;
			buildConfigurations = (
				51BE7A6B22DEBC1800C58CD1 /* Debug */,
				51BE7A6C22DEBC1800C58CD1 /* Release */,
			);
			defaultConfigurationIsVisible = 0;
			defaultConfigurationName = Release;
		};
		51BE7A7C22DEBFF600C58CD1 /* Build configuration list for PBXNativeTarget "Swift_POP_FormTests" */ = {
			isa = XCConfigurationList;
			buildConfigurations = (
				51BE7A7D22DEBFF600C58CD1 /* Debug */,
				51BE7A7E22DEBFF600C58CD1 /* Release */,
			);
			defaultConfigurationIsVisible = 0;
			defaultConfigurationName = Release;
		};
		89C5B7D320AA4CA500528950 /* Build configuration list for PBXProject "Swift_POP_Form" */ = {
			isa = XCConfigurationList;
			buildConfigurations = (
				89C5B7F320AA4CA900528950 /* Debug */,
				89C5B7F420AA4CA900528950 /* Release */,
			);
			defaultConfigurationIsVisible = 0;
			defaultConfigurationName = Release;
		};
		89C5B7F520AA4CA900528950 /* Build configuration list for PBXNativeTarget "Swift_POP_Form" */ = {
			isa = XCConfigurationList;
			buildConfigurations = (
				89C5B7F620AA4CA900528950 /* Debug */,
				89C5B7F720AA4CA900528950 /* Release */,
			);
			defaultConfigurationIsVisible = 0;
			defaultConfigurationName = Release;
		};
/* End XCConfigurationList section */
	};
	rootObject = 89C5B7D020AA4CA500528950 /* Project object */;
}
