// !$*UTF8*$!
{
	archiveVersion = 1;
	classes = {
	};
	objectVersion = 50;
	objects = {

/* Begin PBXBuildFile section */
		89C5B7DC20AA4CA500528950 /* AppDelegate.swift in Sources */ = {isa = PBXBuildFile; fileRef = 89C5B7DB20AA4CA500528950 /* AppDelegate.swift */; };
		89C5B7E320AA4CA900528950 /* Assets.xcassets in Resources */ = {isa = PBXBuildFile; fileRef = 89C5B7E220AA4CA900528950 /* Assets.xcassets */; };
		89C5B7E620AA4CA900528950 /* LaunchScreen.storyboard in Resources */ = {isa = PBXBuildFile; fileRef = 89C5B7E420AA4CA900528950 /* LaunchScreen.storyboard */; };
		89C5B7F120AA4CA900528950 /* Swift_POP_FormTests.swift in Sources */ = {isa = PBXBuildFile; fileRef = 89C5B7F020AA4CA900528950 /* Swift_POP_FormTests.swift */; };
/* End PBXBuildFile section */

/* Begin PBXContainerItemProxy section */
		89C5B7ED20AA4CA900528950 /* PBXContainerItemProxy */ = {
			isa = PBXContainerItemProxy;
			containerPortal = 89C5B7D020AA4CA500528950 /* Project object */;
			proxyType = 1;
			remoteGlobalIDString = 89C5B7D720AA4CA500528950;
			remoteInfo = Swift_POP_Form;
		};
/* End PBXContainerItemProxy section */

/* Begin PBXFileReference section */
		89C5B7D820AA4CA500528950 /* Swift_POP_Form.app */ = {isa = PBXFileReference; explicitFileType = wrapper.application; includeInIndex = 0; path = Swift_POP_Form.app; sourceTree = BUILT_PRODUCTS_DIR; };
		89C5B7DB20AA4CA500528950 /* AppDelegate.swift */ = {isa = PBXFileReference; lastKnownFileType = sourcecode.swift; path = AppDelegate.swift; sourceTree = "<group>"; };
		89C5B7E220AA4CA900528950 /* Assets.xcassets */ = {isa = PBXFileReference; lastKnownFileType = folder.assetcatalog; path = Assets.xcassets; sourceTree = "<group>"; };
		89C5B7E520AA4CA900528950 /* Base */ = {isa = PBXFileReference; lastKnownFileType = file.storyboard; name = Base; path = Base.lproj/LaunchScreen.storyboard; sourceTree = "<group>"; };
		89C5B7E720AA4CA900528950 /* Info.plist */ = {isa = PBXFileReference; lastKnownFileType = text.plist.xml; path = Info.plist; sourceTree = "<group>"; };
		89C5B7EC20AA4CA900528950 /* Swift_POP_FormTests.xctest */ = {isa = PBXFileReference; explicitFileType = wrapper.cfbundle; includeInIndex = 0; path = Swift_POP_FormTests.xctest; sourceTree = BUILT_PRODUCTS_DIR; };
		89C5B7F020AA4CA900528950 /* Swift_POP_FormTests.swift */ = {isa = PBXFileReference; lastKnownFileType = sourcecode.swift; path = Swift_POP_FormTests.swift; sourceTree = "<group>"; };
		89C5B7F220AA4CA900528950 /* Info.plist */ = {isa = PBXFileReference; lastKnownFileType = text.plist.xml; path = Info.plist; sourceTree = "<group>"; };
/* End PBXFileReference section */

/* Begin PBXFrameworksBuildPhase section */
		89C5B7D520AA4CA500528950 /* Frameworks */ = {
			isa = PBXFrameworksBuildPhase;
			buildActionMask = 2147483647;
			files = (
			);
			runOnlyForDeploymentPostprocessing = 0;
		};
		89C5B7E920AA4CA900528950 /* Frameworks */ = {
			isa = PBXFrameworksBuildPhase;
			buildActionMask = 2147483647;
			files = (
			);
			runOnlyForDeploymentPostprocessing = 0;
		};
/* End PBXFrameworksBuildPhase section */

/* Begin PBXGroup section */
		89C5B7CF20AA4CA500528950 = {
			isa = PBXGroup;
			children = (
				89C5B7DA20AA4CA500528950 /* Swift_POP_Form */,
				89C5B7EF20AA4CA900528950 /* Swift_POP_FormTests */,
				89C5B7D920AA4CA500528950 /* Products */,
			);
			sourceTree = "<group>";
		};
		89C5B7D920AA4CA500528950 /* Products */ = {
			isa = PBXGroup;
			children = (
				89C5B7D820AA4CA500528950 /* Swift_POP_Form.app */,
				89C5B7EC20AA4CA900528950 /* Swift_POP_FormTests.xctest */,
			);
			name = Products;
			sourceTree = "<group>";
		};
		89C5B7DA20AA4CA500528950 /* Swift_POP_Form */ = {
			isa = PBXGroup;
			children = (
				89C5B7DB20AA4CA500528950 /* AppDelegate.swift */,
				89C5B7E220AA4CA900528950 /* Assets.xcassets */,
				89C5B7E420AA4CA900528950 /* LaunchScreen.storyboard */,
				89C5B7E720AA4CA900528950 /* Info.plist */,
			);
			path = Swift_POP_Form;
			sourceTree = "<group>";
		};
		89C5B7EF20AA4CA900528950 /* Swift_POP_FormTests */ = {
			isa = PBXGroup;
			children = (
				89C5B7F020AA4CA900528950 /* Swift_POP_FormTests.swift */,
				89C5B7F220AA4CA900528950 /* Info.plist */,
			);
			path = Swift_POP_FormTests;
			sourceTree = "<group>";
		};
/* End PBXGroup section */

/* Begin PBXNativeTarget section */
		89C5B7D720AA4CA500528950 /* Swift_POP_Form */ = {
			isa = PBXNativeTarget;
			buildConfigurationList = 89C5B7F520AA4CA900528950 /* Build configuration list for PBXNativeTarget "Swift_POP_Form" */;
			buildPhases = (
				89C5B7D420AA4CA500528950 /* Sources */,
				89C5B7D520AA4CA500528950 /* Frameworks */,
				89C5B7D620AA4CA500528950 /* Resources */,
			);
			buildRules = (
			);
			dependencies = (
			);
			name = Swift_POP_Form;
			productName = Swift_POP_Form;
			productReference = 89C5B7D820AA4CA500528950 /* Swift_POP_Form.app */;
			productType = "com.apple.product-type.application";
		};
		89C5B7EB20AA4CA900528950 /* Swift_POP_FormTests */ = {
			isa = PBXNativeTarget;
			buildConfigurationList = 89C5B7F820AA4CA900528950 /* Build configuration list for PBXNativeTarget "Swift_POP_FormTests" */;
			buildPhases = (
				89C5B7E820AA4CA900528950 /* Sources */,
				89C5B7E920AA4CA900528950 /* Frameworks */,
				89C5B7EA20AA4CA900528950 /* Resources */,
			);
			buildRules = (
			);
			dependencies = (
				89C5B7EE20AA4CA900528950 /* PBXTargetDependency */,
			);
			name = Swift_POP_FormTests;
			productName = Swift_POP_FormTests;
			productReference = 89C5B7EC20AA4CA900528950 /* Swift_POP_FormTests.xctest */;
			productType = "com.apple.product-type.bundle.unit-test";
		};
/* End PBXNativeTarget section */

/* Begin PBXProject section */
		89C5B7D020AA4CA500528950 /* Project object */ = {
			isa = PBXProject;
			attributes = {
				LastSwiftUpdateCheck = 0930;
				LastUpgradeCheck = 0930;
				ORGANIZATIONNAME = "Aaron bikis";
				TargetAttributes = {
					89C5B7D720AA4CA500528950 = {
						CreatedOnToolsVersion = 9.3;
					};
					89C5B7EB20AA4CA900528950 = {
						CreatedOnToolsVersion = 9.3;
						TestTargetID = 89C5B7D720AA4CA500528950;
					};
				};
			};
			buildConfigurationList = 89C5B7D320AA4CA500528950 /* Build configuration list for PBXProject "Swift_POP_Form" */;
			compatibilityVersion = "Xcode 9.3";
			developmentRegion = en;
			hasScannedForEncodings = 0;
			knownRegions = (
				en,
				Base,
			);
			mainGroup = 89C5B7CF20AA4CA500528950;
			productRefGroup = 89C5B7D920AA4CA500528950 /* Products */;
			projectDirPath = "";
			projectRoot = "";
			targets = (
				89C5B7D720AA4CA500528950 /* Swift_POP_Form */,
				89C5B7EB20AA4CA900528950 /* Swift_POP_FormTests */,
			);
		};
/* End PBXProject section */

/* Begin PBXResourcesBuildPhase section */
		89C5B7D620AA4CA500528950 /* Resources */ = {
			isa = PBXResourcesBuildPhase;
			buildActionMask = 2147483647;
			files = (
				89C5B7E620AA4CA900528950 /* LaunchScreen.storyboard in Resources */,
				89C5B7E320AA4CA900528950 /* Assets.xcassets in Resources */,
			);
			runOnlyForDeploymentPostprocessing = 0;
		};
		89C5B7EA20AA4CA900528950 /* Resources */ = {
			isa = PBXResourcesBuildPhase;
			buildActionMask = 2147483647;
			files = (
			);
			runOnlyForDeploymentPostprocessing = 0;
		};
/* End PBXResourcesBuildPhase section */

/* Begin PBXSourcesBuildPhase section */
		89C5B7D420AA4CA500528950 /* Sources */ = {
			isa = PBXSourcesBuildPhase;
			buildActionMask = 2147483647;
			files = (
				89C5B7DC20AA4CA500528950 /* AppDelegate.swift in Sources */,
			);
			runOnlyForDeploymentPostprocessing = 0;
		};
		89C5B7E820AA4CA900528950 /* Sources */ = {
			isa = PBXSourcesBuildPhase;
			buildActionMask = 2147483647;
			files = (
				89C5B7F120AA4CA900528950 /* Swift_POP_FormTests.swift in Sources */,
			);
			runOnlyForDeploymentPostprocessing = 0;
		};
/* End PBXSourcesBuildPhase section */

/* Begin PBXTargetDependency section */
		89C5B7EE20AA4CA900528950 /* PBXTargetDependency */ = {
			isa = PBXTargetDependency;
			target = 89C5B7D720AA4CA500528950 /* Swift_POP_Form */;
			targetProxy = 89C5B7ED20AA4CA900528950 /* PBXContainerItemProxy */;
		};
/* End PBXTargetDependency section */

/* Begin PBXVariantGroup section */
		89C5B7E420AA4CA900528950 /* LaunchScreen.storyboard */ = {
			isa = PBXVariantGroup;
			children = (
				89C5B7E520AA4CA900528950 /* Base */,
			);
			name = LaunchScreen.storyboard;
			sourceTree = "<group>";
		};
/* End PBXVariantGroup section */

/* Begin XCBuildConfiguration section */
		89C5B7F320AA4CA900528950 /* Debug */ = {
			isa = XCBuildConfiguration;
			buildSettings = {
				ALWAYS_SEARCH_USER_PATHS = NO;
				CLANG_ANALYZER_NONNULL = YES;
				CLANG_ANALYZER_NUMBER_OBJECT_CONVERSION = YES_AGGRESSIVE;
				CLANG_CXX_LANGUAGE_STANDARD = "gnu++14";
				CLANG_CXX_LIBRARY = "libc++";
				CLANG_ENABLE_MODULES = YES;
				CLANG_ENABLE_OBJC_ARC = YES;
				CLANG_ENABLE_OBJC_WEAK = YES;
				CLANG_WARN_BLOCK_CAPTURE_AUTORELEASING = YES;
				CLANG_WARN_BOOL_CONVERSION = YES;
				CLANG_WARN_COMMA = YES;
				CLANG_WARN_CONSTANT_CONVERSION = YES;
				CLANG_WARN_DEPRECATED_OBJC_IMPLEMENTATIONS = YES;
				CLANG_WARN_DIRECT_OBJC_ISA_USAGE = YES_ERROR;
				CLANG_WARN_DOCUMENTATION_COMMENTS = YES;
				CLANG_WARN_EMPTY_BODY = YES;
				CLANG_WARN_ENUM_CONVERSION = YES;
				CLANG_WARN_INFINITE_RECURSION = YES;
				CLANG_WARN_INT_CONVERSION = YES;
				CLANG_WARN_NON_LITERAL_NULL_CONVERSION = YES;
				CLANG_WARN_OBJC_IMPLICIT_RETAIN_SELF = YES;
				CLANG_WARN_OBJC_LITERAL_CONVERSION = YES;
				CLANG_WARN_OBJC_ROOT_CLASS = YES_ERROR;
				CLANG_WARN_RANGE_LOOP_ANALYSIS = YES;
				CLANG_WARN_STRICT_PROTOTYPES = YES;
				CLANG_WARN_SUSPICIOUS_MOVE = YES;
				CLANG_WARN_UNGUARDED_AVAILABILITY = YES_AGGRESSIVE;
				CLANG_WARN_UNREACHABLE_CODE = YES;
				CLANG_WARN__DUPLICATE_METHOD_MATCH = YES;
				CODE_SIGN_IDENTITY = "iPhone Developer";
				COPY_PHASE_STRIP = NO;
				DEBUG_INFORMATION_FORMAT = dwarf;
				ENABLE_STRICT_OBJC_MSGSEND = YES;
				ENABLE_TESTABILITY = YES;
				GCC_C_LANGUAGE_STANDARD = gnu11;
				GCC_DYNAMIC_NO_PIC = NO;
				GCC_NO_COMMON_BLOCKS = YES;
				GCC_OPTIMIZATION_LEVEL = 0;
				GCC_PREPROCESSOR_DEFINITIONS = (
					"DEBUG=1",
					"$(inherited)",
				);
				GCC_WARN_64_TO_32_BIT_CONVERSION = YES;
				GCC_WARN_ABOUT_RETURN_TYPE = YES_ERROR;
				GCC_WARN_UNDECLARED_SELECTOR = YES;
				GCC_WARN_UNINITIALIZED_AUTOS = YES_AGGRESSIVE;
				GCC_WARN_UNUSED_FUNCTION = YES;
				GCC_WARN_UNUSED_VARIABLE = YES;
				IPHONEOS_DEPLOYMENT_TARGET = 11.3;
				MTL_ENABLE_DEBUG_INFO = YES;
				ONLY_ACTIVE_ARCH = YES;
				SDKROOT = iphoneos;
				SWIFT_ACTIVE_COMPILATION_CONDITIONS = DEBUG;
				SWIFT_OPTIMIZATION_LEVEL = "-Onone";
			};
			name = Debug;
		};
		89C5B7F420AA4CA900528950 /* Release */ = {
			isa = XCBuildConfiguration;
			buildSettings = {
				ALWAYS_SEARCH_USER_PATHS = NO;
				CLANG_ANALYZER_NONNULL = YES;
				CLANG_ANALYZER_NUMBER_OBJECT_CONVERSION = YES_AGGRESSIVE;
				CLANG_CXX_LANGUAGE_STANDARD = "gnu++14";
				CLANG_CXX_LIBRARY = "libc++";
				CLANG_ENABLE_MODULES = YES;
				CLANG_ENABLE_OBJC_ARC = YES;
				CLANG_ENABLE_OBJC_WEAK = YES;
				CLANG_WARN_BLOCK_CAPTURE_AUTORELEASING = YES;
				CLANG_WARN_BOOL_CONVERSION = YES;
				CLANG_WARN_COMMA = YES;
				CLANG_WARN_CONSTANT_CONVERSION = YES;
				CLANG_WARN_DEPRECATED_OBJC_IMPLEMENTATIONS = YES;
				CLANG_WARN_DIRECT_OBJC_ISA_USAGE = YES_ERROR;
				CLANG_WARN_DOCUMENTATION_COMMENTS = YES;
				CLANG_WARN_EMPTY_BODY = YES;
				CLANG_WARN_ENUM_CONVERSION = YES;
				CLANG_WARN_INFINITE_RECURSION = YES;
				CLANG_WARN_INT_CONVERSION = YES;
				CLANG_WARN_NON_LITERAL_NULL_CONVERSION = YES;
				CLANG_WARN_OBJC_IMPLICIT_RETAIN_SELF = YES;
				CLANG_WARN_OBJC_LITERAL_CONVERSION = YES;
				CLANG_WARN_OBJC_ROOT_CLASS = YES_ERROR;
				CLANG_WARN_RANGE_LOOP_ANALYSIS = YES;
				CLANG_WARN_STRICT_PROTOTYPES = YES;
				CLANG_WARN_SUSPICIOUS_MOVE = YES;
				CLANG_WARN_UNGUARDED_AVAILABILITY = YES_AGGRESSIVE;
				CLANG_WARN_UNREACHABLE_CODE = YES;
				CLANG_WARN__DUPLICATE_METHOD_MATCH = YES;
				CODE_SIGN_IDENTITY = "iPhone Developer";
				COPY_PHASE_STRIP = NO;
				DEBUG_INFORMATION_FORMAT = "dwarf-with-dsym";
				ENABLE_NS_ASSERTIONS = NO;
				ENABLE_STRICT_OBJC_MSGSEND = YES;
				GCC_C_LANGUAGE_STANDARD = gnu11;
				GCC_NO_COMMON_BLOCKS = YES;
				GCC_WARN_64_TO_32_BIT_CONVERSION = YES;
				GCC_WARN_ABOUT_RETURN_TYPE = YES_ERROR;
				GCC_WARN_UNDECLARED_SELECTOR = YES;
				GCC_WARN_UNINITIALIZED_AUTOS = YES_AGGRESSIVE;
				GCC_WARN_UNUSED_FUNCTION = YES;
				GCC_WARN_UNUSED_VARIABLE = YES;
				IPHONEOS_DEPLOYMENT_TARGET = 11.3;
				MTL_ENABLE_DEBUG_INFO = NO;
				SDKROOT = iphoneos;
				SWIFT_COMPILATION_MODE = wholemodule;
				SWIFT_OPTIMIZATION_LEVEL = "-O";
				VALIDATE_PRODUCT = YES;
			};
			name = Release;
		};
		89C5B7F620AA4CA900528950 /* Debug */ = {
			isa = XCBuildConfiguration;
			buildSettings = {
				ASSETCATALOG_COMPILER_APPICON_NAME = AppIcon;
				CODE_SIGN_STYLE = Automatic;
				INFOPLIST_FILE = Swift_POP_Form/Info.plist;
				LD_RUNPATH_SEARCH_PATHS = (
					"$(inherited)",
					"@executable_path/Frameworks",
				);
				PRODUCT_BUNDLE_IDENTIFIER = "rose.and.pine.creative.Swift-POP-Form";
				PRODUCT_NAME = "$(TARGET_NAME)";
				SWIFT_VERSION = 4.0;
				TARGETED_DEVICE_FAMILY = "1,2";
			};
			name = Debug;
		};
		89C5B7F720AA4CA900528950 /* Release */ = {
			isa = XCBuildConfiguration;
			buildSettings = {
				ASSETCATALOG_COMPILER_APPICON_NAME = AppIcon;
				CODE_SIGN_STYLE = Automatic;
				INFOPLIST_FILE = Swift_POP_Form/Info.plist;
				LD_RUNPATH_SEARCH_PATHS = (
					"$(inherited)",
					"@executable_path/Frameworks",
				);
				PRODUCT_BUNDLE_IDENTIFIER = "rose.and.pine.creative.Swift-POP-Form";
				PRODUCT_NAME = "$(TARGET_NAME)";
				SWIFT_VERSION = 4.0;
				TARGETED_DEVICE_FAMILY = "1,2";
			};
			name = Release;
		};
		89C5B7F920AA4CA900528950 /* Debug */ = {
			isa = XCBuildConfiguration;
			buildSettings = {
				ALWAYS_EMBED_SWIFT_STANDARD_LIBRARIES = YES;
				BUNDLE_LOADER = "$(TEST_HOST)";
				CODE_SIGN_STYLE = Automatic;
				INFOPLIST_FILE = Swift_POP_FormTests/Info.plist;
				LD_RUNPATH_SEARCH_PATHS = (
					"$(inherited)",
					"@executable_path/Frameworks",
					"@loader_path/Frameworks",
				);
				PRODUCT_BUNDLE_IDENTIFIER = "rose.and.pine.creative.Swift-POP-FormTests";
				PRODUCT_NAME = "$(TARGET_NAME)";
				SWIFT_VERSION = 4.0;
				TARGETED_DEVICE_FAMILY = "1,2";
				TEST_HOST = "$(BUILT_PRODUCTS_DIR)/Swift_POP_Form.app/Swift_POP_Form";
			};
			name = Debug;
		};
		89C5B7FA20AA4CA900528950 /* Release */ = {
			isa = XCBuildConfiguration;
			buildSettings = {
				ALWAYS_EMBED_SWIFT_STANDARD_LIBRARIES = YES;
				BUNDLE_LOADER = "$(TEST_HOST)";
				CODE_SIGN_STYLE = Automatic;
				INFOPLIST_FILE = Swift_POP_FormTests/Info.plist;
				LD_RUNPATH_SEARCH_PATHS = (
					"$(inherited)",
					"@executable_path/Frameworks",
					"@loader_path/Frameworks",
				);
				PRODUCT_BUNDLE_IDENTIFIER = "rose.and.pine.creative.Swift-POP-FormTests";
				PRODUCT_NAME = "$(TARGET_NAME)";
				SWIFT_VERSION = 4.0;
				TARGETED_DEVICE_FAMILY = "1,2";
				TEST_HOST = "$(BUILT_PRODUCTS_DIR)/Swift_POP_Form.app/Swift_POP_Form";
			};
			name = Release;
		};
/* End XCBuildConfiguration section */

/* Begin XCConfigurationList section */
		89C5B7D320AA4CA500528950 /* Build configuration list for PBXProject "Swift_POP_Form" */ = {
			isa = XCConfigurationList;
			buildConfigurations = (
				89C5B7F320AA4CA900528950 /* Debug */,
				89C5B7F420AA4CA900528950 /* Release */,
			);
			defaultConfigurationIsVisible = 0;
			defaultConfigurationName = Release;
		};
		89C5B7F520AA4CA900528950 /* Build configuration list for PBXNativeTarget "Swift_POP_Form" */ = {
			isa = XCConfigurationList;
			buildConfigurations = (
				89C5B7F620AA4CA900528950 /* Debug */,
				89C5B7F720AA4CA900528950 /* Release */,
			);
			defaultConfigurationIsVisible = 0;
			defaultConfigurationName = Release;
		};
		89C5B7F820AA4CA900528950 /* Build configuration list for PBXNativeTarget "Swift_POP_FormTests" */ = {
			isa = XCConfigurationList;
			buildConfigurations = (
				89C5B7F920AA4CA900528950 /* Debug */,
				89C5B7FA20AA4CA900528950 /* Release */,
			);
			defaultConfigurationIsVisible = 0;
			defaultConfigurationName = Release;
		};
/* End XCConfigurationList section */
	};
	rootObject = 89C5B7D020AA4CA500528950 /* Project object */;
}
